
Microsoft Visual Studio Solution File, Format Version 12.00
# Visual Studio Version 16
VisualStudioVersion = 16.0.29519.87
MinimumVisualStudioVersion = 10.0.40219.1
Project("{FAE04EC0-301F-11D3-BF4B-00C04F79EFBC}") = "NotePadWF-CS", "NotePadWF-CS.csproj", "{51B89A06-401B-487A-9705-FB616005FCD8}"
EndProject
Global
	GlobalSection(SolutionConfigurationPlatforms) = preSolution
		Debug|Any CPU = Debug|Any CPU
		Release|Any CPU = Release|Any CPU
	EndGlobalSection
	GlobalSection(ProjectConfigurationPlatforms) = postSolution
		{51B89A06-401B-487A-9705-FB616005FCD8}.Debug|Any CPU.ActiveCfg = Debug|Any CPU
		{51B89A06-401B-487A-9705-FB616005FCD8}.Debug|Any CPU.Build.0 = Debug|Any CPU
		{51B89A06-401B-487A-9705-FB616005FCD8}.Release|Any CPU.ActiveCfg = Release|Any CPU
		{51B89A06-401B-487A-9705-FB616005FCD8}.Release|Any CPU.Build.0 = Release|Any CPU
	EndGlobalSection
	GlobalSection(SolutionProperties) = preSolution
		HideSolutionNode = FALSE
	EndGlobalSection
	GlobalSection(ExtensibilityGlobals) = postSolution
		SolutionGuid = {800F1578-5F25-499D-8DD8-68AC3BAA57AA}
	EndGlobalSection
EndGlobal
